// !$*UTF8*$!
{
	archiveVersion = 1;
	classes = {
	};
	objectVersion = 50;
	objects = {

/* Begin PBXBuildFile section */
		57183F2C252BF48700FB4DC9 /* AppDelegate.swift in Sources */ = {isa = PBXBuildFile; fileRef = 57183F2B252BF48700FB4DC9 /* AppDelegate.swift */; };
		57183F2E252BF48700FB4DC9 /* ViewController.swift in Sources */ = {isa = PBXBuildFile; fileRef = 57183F2D252BF48700FB4DC9 /* ViewController.swift */; };
		57183F31252BF48700FB4DC9 /* Main.storyboard in Resources */ = {isa = PBXBuildFile; fileRef = 57183F2F252BF48700FB4DC9 /* Main.storyboard */; };
		57183F33252BF48900FB4DC9 /* Assets.xcassets in Resources */ = {isa = PBXBuildFile; fileRef = 57183F32252BF48900FB4DC9 /* Assets.xcassets */; };
		57183F36252BF48900FB4DC9 /* LaunchScreen.storyboard in Resources */ = {isa = PBXBuildFile; fileRef = 57183F34252BF48900FB4DC9 /* LaunchScreen.storyboard */; };
		57497B42252D40C5008F2073 /* CardModel.swift in Sources */ = {isa = PBXBuildFile; fileRef = 57497B41252D40C5008F2073 /* CardModel.swift */; };
		57497B44252D41BE008F2073 /* Card.swift in Sources */ = {isa = PBXBuildFile; fileRef = 57497B43252D41BE008F2073 /* Card.swift */; };
		57497B46252D451E008F2073 /* CardCollectionViewCell.swift in Sources */ = {isa = PBXBuildFile; fileRef = 57497B45252D451E008F2073 /* CardCollectionViewCell.swift */; };
/* End PBXBuildFile section */

/* Begin PBXFileReference section */
		57183F28252BF48700FB4DC9 /* MemoryGameApp.app */ = {isa = PBXFileReference; explicitFileType = wrapper.application; includeInIndex = 0; path = MemoryGameApp.app; sourceTree = BUILT_PRODUCTS_DIR; };
		57183F2B252BF48700FB4DC9 /* AppDelegate.swift */ = {isa = PBXFileReference; lastKnownFileType = sourcecode.swift; path = AppDelegate.swift; sourceTree = "<group>"; };
		57183F2D252BF48700FB4DC9 /* ViewController.swift */ = {isa = PBXFileReference; lastKnownFileType = sourcecode.swift; path = ViewController.swift; sourceTree = "<group>"; };
		57183F30252BF48700FB4DC9 /* Base */ = {isa = PBXFileReference; lastKnownFileType = file.storyboard; name = Base; path = Base.lproj/Main.storyboard; sourceTree = "<group>"; };
		57183F32252BF48900FB4DC9 /* Assets.xcassets */ = {isa = PBXFileReference; lastKnownFileType = folder.assetcatalog; path = Assets.xcassets; sourceTree = "<group>"; };
		57183F35252BF48900FB4DC9 /* Base */ = {isa = PBXFileReference; lastKnownFileType = file.storyboard; name = Base; path = Base.lproj/LaunchScreen.storyboard; sourceTree = "<group>"; };
		57183F37252BF48900FB4DC9 /* Info.plist */ = {isa = PBXFileReference; lastKnownFileType = text.plist.xml; path = Info.plist; sourceTree = "<group>"; };
		57497B41252D40C5008F2073 /* CardModel.swift */ = {isa = PBXFileReference; lastKnownFileType = sourcecode.swift; path = CardModel.swift; sourceTree = "<group>"; };
		57497B43252D41BE008F2073 /* Card.swift */ = {isa = PBXFileReference; lastKnownFileType = sourcecode.swift; path = Card.swift; sourceTree = "<group>"; };
		57497B45252D451E008F2073 /* CardCollectionViewCell.swift */ = {isa = PBXFileReference; lastKnownFileType = sourcecode.swift; path = CardCollectionViewCell.swift; sourceTree = "<group>"; };
/* End PBXFileReference section */

/* Begin PBXFrameworksBuildPhase section */
		57183F25252BF48700FB4DC9 /* Frameworks */ = {
			isa = PBXFrameworksBuildPhase;
			buildActionMask = 2147483647;
			files = (
			);
			runOnlyForDeploymentPostprocessing = 0;
		};
/* End PBXFrameworksBuildPhase section */

/* Begin PBXGroup section */
		57183F1F252BF48700FB4DC9 = {
			isa = PBXGroup;
			children = (
				57183F2A252BF48700FB4DC9 /* MemoryGameApp */,
				57183F29252BF48700FB4DC9 /* Products */,
			);
			sourceTree = "<group>";
		};
		57183F29252BF48700FB4DC9 /* Products */ = {
			isa = PBXGroup;
			children = (
				57183F28252BF48700FB4DC9 /* MemoryGameApp.app */,
			);
			name = Products;
			sourceTree = "<group>";
		};
		57183F2A252BF48700FB4DC9 /* MemoryGameApp */ = {
			isa = PBXGroup;
			children = (
				576105D2253098CD00CE4F36 /* View */,
				576105D1253098C700CE4F36 /* Model */,
				576105D02530986500CE4F36 /* Controller */,
				576105CF2530985E00CE4F36 /* Suporte */,
			);
			path = MemoryGameApp;
			sourceTree = "<group>";
		};
		576105CF2530985E00CE4F36 /* Suporte */ = {
			isa = PBXGroup;
			children = (
				57183F34252BF48900FB4DC9 /* LaunchScreen.storyboard */,
				57183F2B252BF48700FB4DC9 /* AppDelegate.swift */,
				57183F37252BF48900FB4DC9 /* Info.plist */,
				57183F32252BF48900FB4DC9 /* Assets.xcassets */,
			);
			path = Suporte;
			sourceTree = "<group>";
		};
		576105D02530986500CE4F36 /* Controller */ = {
			isa = PBXGroup;
			children = (
				57183F2D252BF48700FB4DC9 /* ViewController.swift */,
			);
			path = Controller;
			sourceTree = "<group>";
		};
		576105D1253098C700CE4F36 /* Model */ = {
			isa = PBXGroup;
			children = (
				57497B41252D40C5008F2073 /* CardModel.swift */,
				57497B43252D41BE008F2073 /* Card.swift */,
			);
			path = Model;
			sourceTree = "<group>";
		};
		576105D2253098CD00CE4F36 /* View */ = {
			isa = PBXGroup;
			children = (
				57497B45252D451E008F2073 /* CardCollectionViewCell.swift */,
				57183F2F252BF48700FB4DC9 /* Main.storyboard */,
			);
			path = View;
			sourceTree = "<group>";
		};
/* End PBXGroup section */

/* Begin PBXNativeTarget section */
		57183F27252BF48700FB4DC9 /* MemoryGameApp */ = {
			isa = PBXNativeTarget;
			buildConfigurationList = 57183F3A252BF48900FB4DC9 /* Build configuration list for PBXNativeTarget "MemoryGameApp" */;
			buildPhases = (
				57183F24252BF48700FB4DC9 /* Sources */,
				57183F25252BF48700FB4DC9 /* Frameworks */,
				57183F26252BF48700FB4DC9 /* Resources */,
			);
			buildRules = (
			);
			dependencies = (
			);
			name = MemoryGameApp;
			productName = MemoryGameApp;
			productReference = 57183F28252BF48700FB4DC9 /* MemoryGameApp.app */;
			productType = "com.apple.product-type.application";
		};
/* End PBXNativeTarget section */

/* Begin PBXProject section */
		57183F20252BF48700FB4DC9 /* Project object */ = {
			isa = PBXProject;
			attributes = {
				LastSwiftUpdateCheck = 0940;
				LastUpgradeCheck = 0940;
				ORGANIZATIONNAME = "Matheus Souza";
				TargetAttributes = {
					57183F27252BF48700FB4DC9 = {
						CreatedOnToolsVersion = 9.4.1;
					};
				};
			};
			buildConfigurationList = 57183F23252BF48700FB4DC9 /* Build configuration list for PBXProject "MemoryGameApp" */;
			compatibilityVersion = "Xcode 9.3";
			developmentRegion = en;
			hasScannedForEncodings = 0;
			knownRegions = (
				en,
				Base,
			);
			mainGroup = 57183F1F252BF48700FB4DC9;
			productRefGroup = 57183F29252BF48700FB4DC9 /* Products */;
			projectDirPath = "";
			projectRoot = "";
			targets = (
				57183F27252BF48700FB4DC9 /* MemoryGameApp */,
			);
		};
/* End PBXProject section */

/* Begin PBXResourcesBuildPhase section */
		57183F26252BF48700FB4DC9 /* Resources */ = {
			isa = PBXResourcesBuildPhase;
			buildActionMask = 2147483647;
			files = (
				57183F36252BF48900FB4DC9 /* LaunchScreen.storyboard in Resources */,
				57183F33252BF48900FB4DC9 /* Assets.xcassets in Resources */,
				57183F31252BF48700FB4DC9 /* Main.storyboard in Resources */,
			);
			runOnlyForDeploymentPostprocessing = 0;
		};
/* End PBXResourcesBuildPhase section */

/* Begin PBXSourcesBuildPhase section */
		57183F24252BF48700FB4DC9 /* Sources */ = {
			isa = PBXSourcesBuildPhase;
			buildActionMask = 2147483647;
			files = (
				57183F2E252BF48700FB4DC9 /* ViewController.swift in Sources */,
				57183F2C252BF48700FB4DC9 /* AppDelegate.swift in Sources */,
				57497B42252D40C5008F2073 /* CardModel.swift in Sources */,
				57497B46252D451E008F2073 /* CardCollectionViewCell.swift in Sources */,
				57497B44252D41BE008F2073 /* Card.swift in Sources */,
			);
			runOnlyForDeploymentPostprocessing = 0;
		};
/* End PBXSourcesBuildPhase section */

/* Begin PBXVariantGroup section */
		57183F2F252BF48700FB4DC9 /* Main.storyboard */ = {
			isa = PBXVariantGroup;
			children = (
				57183F30252BF48700FB4DC9 /* Base */,
			);
			name = Main.storyboard;
			sourceTree = "<group>";
		};
		57183F34252BF48900FB4DC9 /* LaunchScreen.storyboard */ = {
			isa = PBXVariantGroup;
			children = (
				57183F35252BF48900FB4DC9 /* Base */,
			);
			name = LaunchScreen.storyboard;
			sourceTree = "<group>";
		};
/* End PBXVariantGroup section */

/* Begin XCBuildConfiguration section */
		57183F38252BF48900FB4DC9 /* Debug */ = {
			isa = XCBuildConfiguration;
			buildSettings = {
				ALWAYS_SEARCH_USER_PATHS = NO;
				CLANG_ANALYZER_NONNULL = YES;
				CLANG_ANALYZER_NUMBER_OBJECT_CONVERSION = YES_AGGRESSIVE;
				CLANG_CXX_LANGUAGE_STANDARD = "gnu++14";
				CLANG_CXX_LIBRARY = "libc++";
				CLANG_ENABLE_MODULES = YES;
				CLANG_ENABLE_OBJC_ARC = YES;
				CLANG_ENABLE_OBJC_WEAK = YES;
				CLANG_WARN_BLOCK_CAPTURE_AUTORELEASING = YES;
				CLANG_WARN_BOOL_CONVERSION = YES;
				CLANG_WARN_COMMA = YES;
				CLANG_WARN_CONSTANT_CONVERSION = YES;
				CLANG_WARN_DEPRECATED_OBJC_IMPLEMENTATIONS = YES;
				CLANG_WARN_DIRECT_OBJC_ISA_USAGE = YES_ERROR;
				CLANG_WARN_DOCUMENTATION_COMMENTS = YES;
				CLANG_WARN_EMPTY_BODY = YES;
				CLANG_WARN_ENUM_CONVERSION = YES;
				CLANG_WARN_INFINITE_RECURSION = YES;
				CLANG_WARN_INT_CONVERSION = YES;
				CLANG_WARN_NON_LITERAL_NULL_CONVERSION = YES;
				CLANG_WARN_OBJC_IMPLICIT_RETAIN_SELF = YES;
				CLANG_WARN_OBJC_LITERAL_CONVERSION = YES;
				CLANG_WARN_OBJC_ROOT_CLASS = YES_ERROR;
				CLANG_WARN_RANGE_LOOP_ANALYSIS = YES;
				CLANG_WARN_STRICT_PROTOTYPES = YES;
				CLANG_WARN_SUSPICIOUS_MOVE = YES;
				CLANG_WARN_UNGUARDED_AVAILABILITY = YES_AGGRESSIVE;
				CLANG_WARN_UNREACHABLE_CODE = YES;
				CLANG_WARN__DUPLICATE_METHOD_MATCH = YES;
				CODE_SIGN_IDENTITY = "iPhone Developer";
				COPY_PHASE_STRIP = NO;
				DEBUG_INFORMATION_FORMAT = dwarf;
				ENABLE_STRICT_OBJC_MSGSEND = YES;
				ENABLE_TESTABILITY = YES;
				GCC_C_LANGUAGE_STANDARD = gnu11;
				GCC_DYNAMIC_NO_PIC = NO;
				GCC_NO_COMMON_BLOCKS = YES;
				GCC_OPTIMIZATION_LEVEL = 0;
				GCC_PREPROCESSOR_DEFINITIONS = (
					"DEBUG=1",
					"$(inherited)",
				);
				GCC_WARN_64_TO_32_BIT_CONVERSION = YES;
				GCC_WARN_ABOUT_RETURN_TYPE = YES_ERROR;
				GCC_WARN_UNDECLARED_SELECTOR = YES;
				GCC_WARN_UNINITIALIZED_AUTOS = YES_AGGRESSIVE;
				GCC_WARN_UNUSED_FUNCTION = YES;
				GCC_WARN_UNUSED_VARIABLE = YES;
				IPHONEOS_DEPLOYMENT_TARGET = 11.4;
				MTL_ENABLE_DEBUG_INFO = YES;
				ONLY_ACTIVE_ARCH = YES;
				SDKROOT = iphoneos;
				SWIFT_ACTIVE_COMPILATION_CONDITIONS = DEBUG;
				SWIFT_OPTIMIZATION_LEVEL = "-Onone";
			};
			name = Debug;
		};
		57183F39252BF48900FB4DC9 /* Release */ = {
			isa = XCBuildConfiguration;
			buildSettings = {
				ALWAYS_SEARCH_USER_PATHS = NO;
				CLANG_ANALYZER_NONNULL = YES;
				CLANG_ANALYZER_NUMBER_OBJECT_CONVERSION = YES_AGGRESSIVE;
				CLANG_CXX_LANGUAGE_STANDARD = "gnu++14";
				CLANG_CXX_LIBRARY = "libc++";
				CLANG_ENABLE_MODULES = YES;
				CLANG_ENABLE_OBJC_ARC = YES;
				CLANG_ENABLE_OBJC_WEAK = YES;
				CLANG_WARN_BLOCK_CAPTURE_AUTORELEASING = YES;
				CLANG_WARN_BOOL_CONVERSION = YES;
				CLANG_WARN_COMMA = YES;
				CLANG_WARN_CONSTANT_CONVERSION = YES;
				CLANG_WARN_DEPRECATED_OBJC_IMPLEMENTATIONS = YES;
				CLANG_WARN_DIRECT_OBJC_ISA_USAGE = YES_ERROR;
				CLANG_WARN_DOCUMENTATION_COMMENTS = YES;
				CLANG_WARN_EMPTY_BODY = YES;
				CLANG_WARN_ENUM_CONVERSION = YES;
				CLANG_WARN_INFINITE_RECURSION = YES;
				CLANG_WARN_INT_CONVERSION = YES;
				CLANG_WARN_NON_LITERAL_NULL_CONVERSION = YES;
				CLANG_WARN_OBJC_IMPLICIT_RETAIN_SELF = YES;
				CLANG_WARN_OBJC_LITERAL_CONVERSION = YES;
				CLANG_WARN_OBJC_ROOT_CLASS = YES_ERROR;
				CLANG_WARN_RANGE_LOOP_ANALYSIS = YES;
				CLANG_WARN_STRICT_PROTOTYPES = YES;
				CLANG_WARN_SUSPICIOUS_MOVE = YES;
				CLANG_WARN_UNGUARDED_AVAILABILITY = YES_AGGRESSIVE;
				CLANG_WARN_UNREACHABLE_CODE = YES;
				CLANG_WARN__DUPLICATE_METHOD_MATCH = YES;
				CODE_SIGN_IDENTITY = "iPhone Developer";
				COPY_PHASE_STRIP = NO;
				DEBUG_INFORMATION_FORMAT = "dwarf-with-dsym";
				ENABLE_NS_ASSERTIONS = NO;
				ENABLE_STRICT_OBJC_MSGSEND = YES;
				GCC_C_LANGUAGE_STANDARD = gnu11;
				GCC_NO_COMMON_BLOCKS = YES;
				GCC_WARN_64_TO_32_BIT_CONVERSION = YES;
				GCC_WARN_ABOUT_RETURN_TYPE = YES_ERROR;
				GCC_WARN_UNDECLARED_SELECTOR = YES;
				GCC_WARN_UNINITIALIZED_AUTOS = YES_AGGRESSIVE;
				GCC_WARN_UNUSED_FUNCTION = YES;
				GCC_WARN_UNUSED_VARIABLE = YES;
				IPHONEOS_DEPLOYMENT_TARGET = 11.4;
				MTL_ENABLE_DEBUG_INFO = NO;
				SDKROOT = iphoneos;
				SWIFT_COMPILATION_MODE = wholemodule;
				SWIFT_OPTIMIZATION_LEVEL = "-O";
				VALIDATE_PRODUCT = YES;
			};
			name = Release;
		};
		57183F3B252BF48900FB4DC9 /* Debug */ = {
			isa = XCBuildConfiguration;
			buildSettings = {
				ASSETCATALOG_COMPILER_APPICON_NAME = AppIcon;
				CODE_SIGN_STYLE = Automatic;
				INFOPLIST_FILE = MemoryGameApp/Suporte/Info.plist;
				LD_RUNPATH_SEARCH_PATHS = (
					"$(inherited)",
					"@executable_path/Frameworks",
				);
				PRODUCT_BUNDLE_IDENTIFIER = FSPOA.MemoryGameApp;
				PRODUCT_NAME = "$(TARGET_NAME)";
				SWIFT_VERSION = 4.0;
				TARGETED_DEVICE_FAMILY = "1,2";
			};
			name = Debug;
		};
		57183F3C252BF48900FB4DC9 /* Release */ = {
			isa = XCBuildConfiguration;
			buildSettings = {
				ASSETCATALOG_COMPILER_APPICON_NAME = AppIcon;
				CODE_SIGN_STYLE = Automatic;
				INFOPLIST_FILE = MemoryGameApp/Suporte/Info.plist;
				LD_RUNPATH_SEARCH_PATHS = (
					"$(inherited)",
					"@executable_path/Frameworks",
				);
				PRODUCT_BUNDLE_IDENTIFIER = FSPOA.MemoryGameApp;
				PRODUCT_NAME = "$(TARGET_NAME)";
				SWIFT_VERSION = 4.0;
				TARGETED_DEVICE_FAMILY = "1,2";
			};
			name = Release;
		};
/* End XCBuildConfiguration section */

/* Begin XCConfigurationList section */
		57183F23252BF48700FB4DC9 /* Build configuration list for PBXProject "MemoryGameApp" */ = {
			isa = XCConfigurationList;
			buildConfigurations = (
				57183F38252BF48900FB4DC9 /* Debug */,
				57183F39252BF48900FB4DC9 /* Release */,
			);
			defaultConfigurationIsVisible = 0;
			defaultConfigurationName = Release;
		};
		57183F3A252BF48900FB4DC9 /* Build configuration list for PBXNativeTarget "MemoryGameApp" */ = {
			isa = XCConfigurationList;
			buildConfigurations = (
				57183F3B252BF48900FB4DC9 /* Debug */,
				57183F3C252BF48900FB4DC9 /* Release */,
			);
			defaultConfigurationIsVisible = 0;
			defaultConfigurationName = Release;
		};
/* End XCConfigurationList section */
	};
	rootObject = 57183F20252BF48700FB4DC9 /* Project object */;
}
